
Microsoft Visual Studio Solution File, Format Version 12.00
# Visual Studio Version 16
VisualStudioVersion = 16.0.29709.97
MinimumVisualStudioVersion = 10.0.40219.1
Project("{FAE04EC0-301F-11D3-BF4B-00C04F79EFBC}") = "QuanLyHocSinh", "QuanLyHocSinh\QuanLyHocSinh.csproj", "{C451662B-4A6F-4B7D-B69D-B40A659301D7}"
EndProject
Global
	GlobalSection(SolutionConfigurationPlatforms) = preSolution
		Debug|Any CPU = Debug|Any CPU
		Release|Any CPU = Release|Any CPU
	EndGlobalSection
	GlobalSection(ProjectConfigurationPlatforms) = postSolution
		{C451662B-4A6F-4B7D-B69D-B40A659301D7}.Debug|Any CPU.ActiveCfg = Debug|Any CPU
		{C451662B-4A6F-4B7D-B69D-B40A659301D7}.Debug|Any CPU.Build.0 = Debug|Any CPU
		{C451662B-4A6F-4B7D-B69D-B40A659301D7}.Release|Any CPU.ActiveCfg = Release|Any CPU
		{C451662B-4A6F-4B7D-B69D-B40A659301D7}.Release|Any CPU.Build.0 = Release|Any CPU
	EndGlobalSection
	GlobalSection(SolutionProperties) = preSolution
		HideSolutionNode = FALSE
	EndGlobalSection
	GlobalSection(ExtensibilityGlobals) = postSolution
		SolutionGuid = {5A28EF35-F434-4A53-8226-4FCF783ECC1C}
	EndGlobalSection
EndGlobal
